
Microsoft Visual Studio Solution File, Format Version 12.00
# Visual Studio Version 17
VisualStudioVersion = 17.0.31919.166
MinimumVisualStudioVersion = 10.0.40219.1
Project("{FAE04EC0-301F-11D3-BF4B-00C04F79EFBC}") = "MyAddressManageTool", "MyAddressManageTool\MyAddressManageTool.csproj", "{EC24DE92-0553-4194-9E60-9C4832464FF4}"
EndProject
Global
	GlobalSection(SolutionConfigurationPlatforms) = preSolution
		Debug|Any CPU = Debug|Any CPU
		Release|Any CPU = Release|Any CPU
	EndGlobalSection
	GlobalSection(ProjectConfigurationPlatforms) = postSolution
		{EC24DE92-0553-4194-9E60-9C4832464FF4}.Debug|Any CPU.ActiveCfg = Debug|Any CPU
		{EC24DE92-0553-4194-9E60-9C4832464FF4}.Debug|Any CPU.Build.0 = Debug|Any CPU
		{EC24DE92-0553-4194-9E60-9C4832464FF4}.Release|Any CPU.ActiveCfg = Release|Any CPU
		{EC24DE92-0553-4194-9E60-9C4832464FF4}.Release|Any CPU.Build.0 = Release|Any CPU
	EndGlobalSection
	GlobalSection(SolutionProperties) = preSolution
		HideSolutionNode = FALSE
	EndGlobalSection
	GlobalSection(ExtensibilityGlobals) = postSolution
		SolutionGuid = {39E20D57-224E-4343-BDAD-DD1521A62ABD}
	EndGlobalSection
EndGlobal
